
Microsoft Visual Studio Solution File, Format Version 12.00
# Visual Studio 14
VisualStudioVersion = 14.0.25420.1
MinimumVisualStudioVersion = 10.0.40219.1
Project("{FAE04EC0-301F-11D3-BF4B-00C04F79EFBC}") = "WebAPIsession5", "WebAPIsession5\WebAPIsession5.csproj", "{03AEAC6C-37B7-41EE-9460-CD24329FB524}"
EndProject
Project("{FAE04EC0-301F-11D3-BF4B-00C04F79EFBC}") = "Clientmobile.Droid", "Clientmobile\Clientmobile.Droid\Clientmobile.Droid.csproj", "{C648B135-2F99-4DEC-B108-84E4076F262E}"
EndProject
Project("{FAE04EC0-301F-11D3-BF4B-00C04F79EFBC}") = "Clientmobile.iOS", "Clientmobile\Clientmobile.iOS\Clientmobile.iOS.csproj", "{645A543F-4C3F-4FCA-BE19-C12BA4C39953}"
EndProject
Project("{FAE04EC0-301F-11D3-BF4B-00C04F79EFBC}") = "Clientmobile.WinPhone", "Clientmobile\Clientmobile.WinPhone\Clientmobile.WinPhone.csproj", "{5A210735-49AE-4002-A98E-C5A28A8C2A8A}"
EndProject
Project("{FAE04EC0-301F-11D3-BF4B-00C04F79EFBC}") = "Clientmobile.UWP", "Clientmobile\Clientmobile.UWP\Clientmobile.UWP.csproj", "{335740FD-4201-4AD9-9787-6F9648855659}"
EndProject
Project("{FAE04EC0-301F-11D3-BF4B-00C04F79EFBC}") = "Clientmobile.Windows", "Clientmobile\Clientmobile.Windows\Clientmobile.Windows.csproj", "{EB36850B-B1A1-429F-9CF4-7C389B7E8FD7}"
EndProject
Project("{FAE04EC0-301F-11D3-BF4B-00C04F79EFBC}") = "Clientmobile", "Clientmobile\Clientmobile\Clientmobile.csproj", "{32C2F40B-50F0-40FE-B7CF-F9D9C03D53C4}"
EndProject
Global
	GlobalSection(SolutionConfigurationPlatforms) = preSolution
		Ad-Hoc|Any CPU = Ad-Hoc|Any CPU
		Ad-Hoc|ARM = Ad-Hoc|ARM
		Ad-Hoc|iPhone = Ad-Hoc|iPhone
		Ad-Hoc|iPhoneSimulator = Ad-Hoc|iPhoneSimulator
		Ad-Hoc|x64 = Ad-Hoc|x64
		Ad-Hoc|x86 = Ad-Hoc|x86
		AppStore|Any CPU = AppStore|Any CPU
		AppStore|ARM = AppStore|ARM
		AppStore|iPhone = AppStore|iPhone
		AppStore|iPhoneSimulator = AppStore|iPhoneSimulator
		AppStore|x64 = AppStore|x64
		AppStore|x86 = AppStore|x86
		Debug|Any CPU = Debug|Any CPU
		Debug|ARM = Debug|ARM
		Debug|iPhone = Debug|iPhone
		Debug|iPhoneSimulator = Debug|iPhoneSimulator
		Debug|x64 = Debug|x64
		Debug|x86 = Debug|x86
		Release|Any CPU = Release|Any CPU
		Release|ARM = Release|ARM
		Release|iPhone = Release|iPhone
		Release|iPhoneSimulator = Release|iPhoneSimulator
		Release|x64 = Release|x64
		Release|x86 = Release|x86
	EndGlobalSection
	GlobalSection(ProjectConfigurationPlatforms) = postSolution
		{03AEAC6C-37B7-41EE-9460-CD24329FB524}.Ad-Hoc|Any CPU.ActiveCfg = Release|Any CPU
		{03AEAC6C-37B7-41EE-9460-CD24329FB524}.Ad-Hoc|Any CPU.Build.0 = Release|Any CPU
		{03AEAC6C-37B7-41EE-9460-CD24329FB524}.Ad-Hoc|ARM.ActiveCfg = Release|Any CPU
		{03AEAC6C-37B7-41EE-9460-CD24329FB524}.Ad-Hoc|ARM.Build.0 = Release|Any CPU
		{03AEAC6C-37B7-41EE-9460-CD24329FB524}.Ad-Hoc|iPhone.ActiveCfg = Release|Any CPU
		{03AEAC6C-37B7-41EE-9460-CD24329FB524}.Ad-Hoc|iPhone.Build.0 = Release|Any CPU
		{03AEAC6C-37B7-41EE-9460-CD24329FB524}.Ad-Hoc|iPhoneSimulator.ActiveCfg = Release|Any CPU
		{03AEAC6C-37B7-41EE-9460-CD24329FB524}.Ad-Hoc|iPhoneSimulator.Build.0 = Release|Any CPU
		{03AEAC6C-37B7-41EE-9460-CD24329FB524}.Ad-Hoc|x64.ActiveCfg = Release|Any CPU
		{03AEAC6C-37B7-41EE-9460-CD24329FB524}.Ad-Hoc|x64.Build.0 = Release|Any CPU
		{03AEAC6C-37B7-41EE-9460-CD24329FB524}.Ad-Hoc|x86.ActiveCfg = Release|Any CPU
		{03AEAC6C-37B7-41EE-9460-CD24329FB524}.Ad-Hoc|x86.Build.0 = Release|Any CPU
		{03AEAC6C-37B7-41EE-9460-CD24329FB524}.AppStore|Any CPU.ActiveCfg = Release|Any CPU
		{03AEAC6C-37B7-41EE-9460-CD24329FB524}.AppStore|Any CPU.Build.0 = Release|Any CPU
		{03AEAC6C-37B7-41EE-9460-CD24329FB524}.AppStore|ARM.ActiveCfg = Release|Any CPU
		{03AEAC6C-37B7-41EE-9460-CD24329FB524}.AppStore|ARM.Build.0 = Release|Any CPU
		{03AEAC6C-37B7-41EE-9460-CD24329FB524}.AppStore|iPhone.ActiveCfg = Release|Any CPU
		{03AEAC6C-37B7-41EE-9460-CD24329FB524}.AppStore|iPhone.Build.0 = Release|Any CPU
		{03AEAC6C-37B7-41EE-9460-CD24329FB524}.AppStore|iPhoneSimulator.ActiveCfg = Release|Any CPU
		{03AEAC6C-37B7-41EE-9460-CD24329FB524}.AppStore|iPhoneSimulator.Build.0 = Release|Any CPU
		{03AEAC6C-37B7-41EE-9460-CD24329FB524}.AppStore|x64.ActiveCfg = Release|Any CPU
		{03AEAC6C-37B7-41EE-9460-CD24329FB524}.AppStore|x64.Build.0 = Release|Any CPU
		{03AEAC6C-37B7-41EE-9460-CD24329FB524}.AppStore|x86.ActiveCfg = Release|Any CPU
		{03AEAC6C-37B7-41EE-9460-CD24329FB524}.AppStore|x86.Build.0 = Release|Any CPU
		{03AEAC6C-37B7-41EE-9460-CD24329FB524}.Debug|Any CPU.ActiveCfg = Debug|Any CPU
		{03AEAC6C-37B7-41EE-9460-CD24329FB524}.Debug|Any CPU.Build.0 = Debug|Any CPU
		{03AEAC6C-37B7-41EE-9460-CD24329FB524}.Debug|ARM.ActiveCfg = Debug|Any CPU
		{03AEAC6C-37B7-41EE-9460-CD24329FB524}.Debug|ARM.Build.0 = Debug|Any CPU
		{03AEAC6C-37B7-41EE-9460-CD24329FB524}.Debug|iPhone.ActiveCfg = Debug|Any CPU
		{03AEAC6C-37B7-41EE-9460-CD24329FB524}.Debug|iPhone.Build.0 = Debug|Any CPU
		{03AEAC6C-37B7-41EE-9460-CD24329FB524}.Debug|iPhoneSimulator.ActiveCfg = Debug|Any CPU
		{03AEAC6C-37B7-41EE-9460-CD24329FB524}.Debug|iPhoneSimulator.Build.0 = Debug|Any CPU
		{03AEAC6C-37B7-41EE-9460-CD24329FB524}.Debug|x64.ActiveCfg = Debug|Any CPU
		{03AEAC6C-37B7-41EE-9460-CD24329FB524}.Debug|x64.Build.0 = Debug|Any CPU
		{03AEAC6C-37B7-41EE-9460-CD24329FB524}.Debug|x86.ActiveCfg = Debug|Any CPU
		{03AEAC6C-37B7-41EE-9460-CD24329FB524}.Debug|x86.Build.0 = Debug|Any CPU
		{03AEAC6C-37B7-41EE-9460-CD24329FB524}.Release|Any CPU.ActiveCfg = Release|Any CPU
		{03AEAC6C-37B7-41EE-9460-CD24329FB524}.Release|Any CPU.Build.0 = Release|Any CPU
		{03AEAC6C-37B7-41EE-9460-CD24329FB524}.Release|ARM.ActiveCfg = Release|Any CPU
		{03AEAC6C-37B7-41EE-9460-CD24329FB524}.Release|ARM.Build.0 = Release|Any CPU
		{03AEAC6C-37B7-41EE-9460-CD24329FB524}.Release|iPhone.ActiveCfg = Release|Any CPU
		{03AEAC6C-37B7-41EE-9460-CD24329FB524}.Release|iPhone.Build.0 = Release|Any CPU
		{03AEAC6C-37B7-41EE-9460-CD24329FB524}.Release|iPhoneSimulator.ActiveCfg = Release|Any CPU
		{03AEAC6C-37B7-41EE-9460-CD24329FB524}.Release|iPhoneSimulator.Build.0 = Release|Any CPU
		{03AEAC6C-37B7-41EE-9460-CD24329FB524}.Release|x64.ActiveCfg = Release|Any CPU
		{03AEAC6C-37B7-41EE-9460-CD24329FB524}.Release|x64.Build.0 = Release|Any CPU
		{03AEAC6C-37B7-41EE-9460-CD24329FB524}.Release|x86.ActiveCfg = Release|Any CPU
		{03AEAC6C-37B7-41EE-9460-CD24329FB524}.Release|x86.Build.0 = Release|Any CPU
		{C648B135-2F99-4DEC-B108-84E4076F262E}.Ad-Hoc|Any CPU.ActiveCfg = Release|Any CPU
		{C648B135-2F99-4DEC-B108-84E4076F262E}.Ad-Hoc|Any CPU.Build.0 = Release|Any CPU
		{C648B135-2F99-4DEC-B108-84E4076F262E}.Ad-Hoc|Any CPU.Deploy.0 = Release|Any CPU
		{C648B135-2F99-4DEC-B108-84E4076F262E}.Ad-Hoc|ARM.ActiveCfg = Release|Any CPU
		{C648B135-2F99-4DEC-B108-84E4076F262E}.Ad-Hoc|ARM.Build.0 = Release|Any CPU
		{C648B135-2F99-4DEC-B108-84E4076F262E}.Ad-Hoc|ARM.Deploy.0 = Release|Any CPU
		{C648B135-2F99-4DEC-B108-84E4076F262E}.Ad-Hoc|iPhone.ActiveCfg = Release|Any CPU
		{C648B135-2F99-4DEC-B108-84E4076F262E}.Ad-Hoc|iPhone.Build.0 = Release|Any CPU
		{C648B135-2F99-4DEC-B108-84E4076F262E}.Ad-Hoc|iPhone.Deploy.0 = Release|Any CPU
		{C648B135-2F99-4DEC-B108-84E4076F262E}.Ad-Hoc|iPhoneSimulator.ActiveCfg = Release|Any CPU
		{C648B135-2F99-4DEC-B108-84E4076F262E}.Ad-Hoc|iPhoneSimulator.Build.0 = Release|Any CPU
		{C648B135-2F99-4DEC-B108-84E4076F262E}.Ad-Hoc|iPhoneSimulator.Deploy.0 = Release|Any CPU
		{C648B135-2F99-4DEC-B108-84E4076F262E}.Ad-Hoc|x64.ActiveCfg = Release|Any CPU
		{C648B135-2F99-4DEC-B108-84E4076F262E}.Ad-Hoc|x64.Build.0 = Release|Any CPU
		{C648B135-2F99-4DEC-B108-84E4076F262E}.Ad-Hoc|x64.Deploy.0 = Release|Any CPU
		{C648B135-2F99-4DEC-B108-84E4076F262E}.Ad-Hoc|x86.ActiveCfg = Release|Any CPU
		{C648B135-2F99-4DEC-B108-84E4076F262E}.Ad-Hoc|x86.Build.0 = Release|Any CPU
		{C648B135-2F99-4DEC-B108-84E4076F262E}.Ad-Hoc|x86.Deploy.0 = Release|Any CPU
		{C648B135-2F99-4DEC-B108-84E4076F262E}.AppStore|Any CPU.ActiveCfg = Release|Any CPU
		{C648B135-2F99-4DEC-B108-84E4076F262E}.AppStore|Any CPU.Build.0 = Release|Any CPU
		{C648B135-2F99-4DEC-B108-84E4076F262E}.AppStore|Any CPU.Deploy.0 = Release|Any CPU
		{C648B135-2F99-4DEC-B108-84E4076F262E}.AppStore|ARM.ActiveCfg = Release|Any CPU
		{C648B135-2F99-4DEC-B108-84E4076F262E}.AppStore|ARM.Build.0 = Release|Any CPU
		{C648B135-2F99-4DEC-B108-84E4076F262E}.AppStore|ARM.Deploy.0 = Release|Any CPU
		{C648B135-2F99-4DEC-B108-84E4076F262E}.AppStore|iPhone.ActiveCfg = Release|Any CPU
		{C648B135-2F99-4DEC-B108-84E4076F262E}.AppStore|iPhone.Build.0 = Release|Any CPU
		{C648B135-2F99-4DEC-B108-84E4076F262E}.AppStore|iPhone.Deploy.0 = Release|Any CPU
		{C648B135-2F99-4DEC-B108-84E4076F262E}.AppStore|iPhoneSimulator.ActiveCfg = Release|Any CPU
		{C648B135-2F99-4DEC-B108-84E4076F262E}.AppStore|iPhoneSimulator.Build.0 = Release|Any CPU
		{C648B135-2F99-4DEC-B108-84E4076F262E}.AppStore|iPhoneSimulator.Deploy.0 = Release|Any CPU
		{C648B135-2F99-4DEC-B108-84E4076F262E}.AppStore|x64.ActiveCfg = Release|Any CPU
		{C648B135-2F99-4DEC-B108-84E4076F262E}.AppStore|x64.Build.0 = Release|Any CPU
		{C648B135-2F99-4DEC-B108-84E4076F262E}.AppStore|x64.Deploy.0 = Release|Any CPU
		{C648B135-2F99-4DEC-B108-84E4076F262E}.AppStore|x86.ActiveCfg = Release|Any CPU
		{C648B135-2F99-4DEC-B108-84E4076F262E}.AppStore|x86.Build.0 = Release|Any CPU
		{C648B135-2F99-4DEC-B108-84E4076F262E}.AppStore|x86.Deploy.0 = Release|Any CPU
		{C648B135-2F99-4DEC-B108-84E4076F262E}.Debug|Any CPU.ActiveCfg = Debug|Any CPU
		{C648B135-2F99-4DEC-B108-84E4076F262E}.Debug|Any CPU.Build.0 = Debug|Any CPU
		{C648B135-2F99-4DEC-B108-84E4076F262E}.Debug|Any CPU.Deploy.0 = Debug|Any CPU
		{C648B135-2F99-4DEC-B108-84E4076F262E}.Debug|ARM.ActiveCfg = Debug|Any CPU
		{C648B135-2F99-4DEC-B108-84E4076F262E}.Debug|ARM.Build.0 = Debug|Any CPU
		{C648B135-2F99-4DEC-B108-84E4076F262E}.Debug|ARM.Deploy.0 = Debug|Any CPU
		{C648B135-2F99-4DEC-B108-84E4076F262E}.Debug|iPhone.ActiveCfg = Debug|Any CPU
		{C648B135-2F99-4DEC-B108-84E4076F262E}.Debug|iPhone.Build.0 = Debug|Any CPU
		{C648B135-2F99-4DEC-B108-84E4076F262E}.Debug|iPhone.Deploy.0 = Debug|Any CPU
		{C648B135-2F99-4DEC-B108-84E4076F262E}.Debug|iPhoneSimulator.ActiveCfg = Debug|Any CPU
		{C648B135-2F99-4DEC-B108-84E4076F262E}.Debug|iPhoneSimulator.Build.0 = Debug|Any CPU
		{C648B135-2F99-4DEC-B108-84E4076F262E}.Debug|iPhoneSimulator.Deploy.0 = Debug|Any CPU
		{C648B135-2F99-4DEC-B108-84E4076F262E}.Debug|x64.ActiveCfg = Debug|Any CPU
		{C648B135-2F99-4DEC-B108-84E4076F262E}.Debug|x64.Build.0 = Debug|Any CPU
		{C648B135-2F99-4DEC-B108-84E4076F262E}.Debug|x64.Deploy.0 = Debug|Any CPU
		{C648B135-2F99-4DEC-B108-84E4076F262E}.Debug|x86.ActiveCfg = Debug|Any CPU
		{C648B135-2F99-4DEC-B108-84E4076F262E}.Debug|x86.Build.0 = Debug|Any CPU
		{C648B135-2F99-4DEC-B108-84E4076F262E}.Debug|x86.Deploy.0 = Debug|Any CPU
		{C648B135-2F99-4DEC-B108-84E4076F262E}.Release|Any CPU.ActiveCfg = Release|Any CPU
		{C648B135-2F99-4DEC-B108-84E4076F262E}.Release|Any CPU.Build.0 = Release|Any CPU
		{C648B135-2F99-4DEC-B108-84E4076F262E}.Release|Any CPU.Deploy.0 = Release|Any CPU
		{C648B135-2F99-4DEC-B108-84E4076F262E}.Release|ARM.ActiveCfg = Release|Any CPU
		{C648B135-2F99-4DEC-B108-84E4076F262E}.Release|ARM.Build.0 = Release|Any CPU
		{C648B135-2F99-4DEC-B108-84E4076F262E}.Release|ARM.Deploy.0 = Release|Any CPU
		{C648B135-2F99-4DEC-B108-84E4076F262E}.Release|iPhone.ActiveCfg = Release|Any CPU
		{C648B135-2F99-4DEC-B108-84E4076F262E}.Release|iPhone.Build.0 = Release|Any CPU
		{C648B135-2F99-4DEC-B108-84E4076F262E}.Release|iPhone.Deploy.0 = Release|Any CPU
		{C648B135-2F99-4DEC-B108-84E4076F262E}.Release|iPhoneSimulator.ActiveCfg = Release|Any CPU
		{C648B135-2F99-4DEC-B108-84E4076F262E}.Release|iPhoneSimulator.Build.0 = Release|Any CPU
		{C648B135-2F99-4DEC-B108-84E4076F262E}.Release|iPhoneSimulator.Deploy.0 = Release|Any CPU
		{C648B135-2F99-4DEC-B108-84E4076F262E}.Release|x64.ActiveCfg = Release|Any CPU
		{C648B135-2F99-4DEC-B108-84E4076F262E}.Release|x64.Build.0 = Release|Any CPU
		{C648B135-2F99-4DEC-B108-84E4076F262E}.Release|x64.Deploy.0 = Release|Any CPU
		{C648B135-2F99-4DEC-B108-84E4076F262E}.Release|x86.ActiveCfg = Release|Any CPU
		{C648B135-2F99-4DEC-B108-84E4076F262E}.Release|x86.Build.0 = Release|Any CPU
		{C648B135-2F99-4DEC-B108-84E4076F262E}.Release|x86.Deploy.0 = Release|Any CPU
		{645A543F-4C3F-4FCA-BE19-C12BA4C39953}.Ad-Hoc|Any CPU.ActiveCfg = Ad-Hoc|iPhone
		{645A543F-4C3F-4FCA-BE19-C12BA4C39953}.Ad-Hoc|ARM.ActiveCfg = Ad-Hoc|iPhone
		{645A543F-4C3F-4FCA-BE19-C12BA4C39953}.Ad-Hoc|iPhone.ActiveCfg = Ad-Hoc|iPhone
		{645A543F-4C3F-4FCA-BE19-C12BA4C39953}.Ad-Hoc|iPhone.Build.0 = Ad-Hoc|iPhone
		{645A543F-4C3F-4FCA-BE19-C12BA4C39953}.Ad-Hoc|iPhoneSimulator.ActiveCfg = Ad-Hoc|iPhoneSimulator
		{645A543F-4C3F-4FCA-BE19-C12BA4C39953}.Ad-Hoc|iPhoneSimulator.Build.0 = Ad-Hoc|iPhoneSimulator
		{645A543F-4C3F-4FCA-BE19-C12BA4C39953}.Ad-Hoc|x64.ActiveCfg = Ad-Hoc|iPhone
		{645A543F-4C3F-4FCA-BE19-C12BA4C39953}.Ad-Hoc|x86.ActiveCfg = Ad-Hoc|iPhone
		{645A543F-4C3F-4FCA-BE19-C12BA4C39953}.AppStore|Any CPU.ActiveCfg = AppStore|iPhone
		{645A543F-4C3F-4FCA-BE19-C12BA4C39953}.AppStore|ARM.ActiveCfg = AppStore|iPhone
		{645A543F-4C3F-4FCA-BE19-C12BA4C39953}.AppStore|iPhone.ActiveCfg = AppStore|iPhone
		{645A543F-4C3F-4FCA-BE19-C12BA4C39953}.AppStore|iPhone.Build.0 = AppStore|iPhone
		{645A543F-4C3F-4FCA-BE19-C12BA4C39953}.AppStore|iPhoneSimulator.ActiveCfg = AppStore|iPhoneSimulator
		{645A543F-4C3F-4FCA-BE19-C12BA4C39953}.AppStore|iPhoneSimulator.Build.0 = AppStore|iPhoneSimulator
		{645A543F-4C3F-4FCA-BE19-C12BA4C39953}.AppStore|x64.ActiveCfg = AppStore|iPhone
		{645A543F-4C3F-4FCA-BE19-C12BA4C39953}.AppStore|x86.ActiveCfg = AppStore|iPhone
		{645A543F-4C3F-4FCA-BE19-C12BA4C39953}.Debug|Any CPU.ActiveCfg = Debug|iPhone
		{645A543F-4C3F-4FCA-BE19-C12BA4C39953}.Debug|ARM.ActiveCfg = Debug|iPhone
		{645A543F-4C3F-4FCA-BE19-C12BA4C39953}.Debug|iPhone.ActiveCfg = Debug|iPhone
		{645A543F-4C3F-4FCA-BE19-C12BA4C39953}.Debug|iPhone.Build.0 = Debug|iPhone
		{645A543F-4C3F-4FCA-BE19-C12BA4C39953}.Debug|iPhoneSimulator.ActiveCfg = Debug|iPhoneSimulator
		{645A543F-4C3F-4FCA-BE19-C12BA4C39953}.Debug|iPhoneSimulator.Build.0 = Debug|iPhoneSimulator
		{645A543F-4C3F-4FCA-BE19-C12BA4C39953}.Debug|x64.ActiveCfg = Debug|iPhone
		{645A543F-4C3F-4FCA-BE19-C12BA4C39953}.Debug|x86.ActiveCfg = Debug|iPhone
		{645A543F-4C3F-4FCA-BE19-C12BA4C39953}.Release|Any CPU.ActiveCfg = Release|iPhone
		{645A543F-4C3F-4FCA-BE19-C12BA4C39953}.Release|ARM.ActiveCfg = Release|iPhone
		{645A543F-4C3F-4FCA-BE19-C12BA4C39953}.Release|iPhone.ActiveCfg = Release|iPhone
		{645A543F-4C3F-4FCA-BE19-C12BA4C39953}.Release|iPhone.Build.0 = Release|iPhone
		{645A543F-4C3F-4FCA-BE19-C12BA4C39953}.Release|iPhoneSimulator.ActiveCfg = Release|iPhoneSimulator
		{645A543F-4C3F-4FCA-BE19-C12BA4C39953}.Release|iPhoneSimulator.Build.0 = Release|iPhoneSimulator
		{645A543F-4C3F-4FCA-BE19-C12BA4C39953}.Release|x64.ActiveCfg = Release|iPhone
		{645A543F-4C3F-4FCA-BE19-C12BA4C39953}.Release|x86.ActiveCfg = Release|iPhone
		{5A210735-49AE-4002-A98E-C5A28A8C2A8A}.Ad-Hoc|Any CPU.ActiveCfg = Release|Any CPU
		{5A210735-49AE-4002-A98E-C5A28A8C2A8A}.Ad-Hoc|Any CPU.Build.0 = Release|Any CPU
		{5A210735-49AE-4002-A98E-C5A28A8C2A8A}.Ad-Hoc|Any CPU.Deploy.0 = Release|Any CPU
		{5A210735-49AE-4002-A98E-C5A28A8C2A8A}.Ad-Hoc|ARM.ActiveCfg = Release|ARM
		{5A210735-49AE-4002-A98E-C5A28A8C2A8A}.Ad-Hoc|ARM.Build.0 = Release|ARM
		{5A210735-49AE-4002-A98E-C5A28A8C2A8A}.Ad-Hoc|ARM.Deploy.0 = Release|ARM
		{5A210735-49AE-4002-A98E-C5A28A8C2A8A}.Ad-Hoc|iPhone.ActiveCfg = Release|Any CPU
		{5A210735-49AE-4002-A98E-C5A28A8C2A8A}.Ad-Hoc|iPhone.Build.0 = Release|Any CPU
		{5A210735-49AE-4002-A98E-C5A28A8C2A8A}.Ad-Hoc|iPhone.Deploy.0 = Release|Any CPU
		{5A210735-49AE-4002-A98E-C5A28A8C2A8A}.Ad-Hoc|iPhoneSimulator.ActiveCfg = Release|Any CPU
		{5A210735-49AE-4002-A98E-C5A28A8C2A8A}.Ad-Hoc|iPhoneSimulator.Build.0 = Release|Any CPU
		{5A210735-49AE-4002-A98E-C5A28A8C2A8A}.Ad-Hoc|iPhoneSimulator.Deploy.0 = Release|Any CPU
		{5A210735-49AE-4002-A98E-C5A28A8C2A8A}.Ad-Hoc|x64.ActiveCfg = Release|Any CPU
		{5A210735-49AE-4002-A98E-C5A28A8C2A8A}.Ad-Hoc|x64.Build.0 = Release|Any CPU
		{5A210735-49AE-4002-A98E-C5A28A8C2A8A}.Ad-Hoc|x64.Deploy.0 = Release|Any CPU
		{5A210735-49AE-4002-A98E-C5A28A8C2A8A}.Ad-Hoc|x86.ActiveCfg = Release|x86
		{5A210735-49AE-4002-A98E-C5A28A8C2A8A}.Ad-Hoc|x86.Build.0 = Release|x86
		{5A210735-49AE-4002-A98E-C5A28A8C2A8A}.Ad-Hoc|x86.Deploy.0 = Release|x86
		{5A210735-49AE-4002-A98E-C5A28A8C2A8A}.AppStore|Any CPU.ActiveCfg = Release|Any CPU
		{5A210735-49AE-4002-A98E-C5A28A8C2A8A}.AppStore|Any CPU.Build.0 = Release|Any CPU
		{5A210735-49AE-4002-A98E-C5A28A8C2A8A}.AppStore|Any CPU.Deploy.0 = Release|Any CPU
		{5A210735-49AE-4002-A98E-C5A28A8C2A8A}.AppStore|ARM.ActiveCfg = Release|ARM
		{5A210735-49AE-4002-A98E-C5A28A8C2A8A}.AppStore|ARM.Build.0 = Release|ARM
		{5A210735-49AE-4002-A98E-C5A28A8C2A8A}.AppStore|ARM.Deploy.0 = Release|ARM
		{5A210735-49AE-4002-A98E-C5A28A8C2A8A}.AppStore|iPhone.ActiveCfg = Release|Any CPU
		{5A210735-49AE-4002-A98E-C5A28A8C2A8A}.AppStore|iPhone.Build.0 = Release|Any CPU
		{5A210735-49AE-4002-A98E-C5A28A8C2A8A}.AppStore|iPhone.Deploy.0 = Release|Any CPU
		{5A210735-49AE-4002-A98E-C5A28A8C2A8A}.AppStore|iPhoneSimulator.ActiveCfg = Release|Any CPU
		{5A210735-49AE-4002-A98E-C5A28A8C2A8A}.AppStore|iPhoneSimulator.Build.0 = Release|Any CPU
		{5A210735-49AE-4002-A98E-C5A28A8C2A8A}.AppStore|iPhoneSimulator.Deploy.0 = Release|Any CPU
		{5A210735-49AE-4002-A98E-C5A28A8C2A8A}.AppStore|x64.ActiveCfg = Release|Any CPU
		{5A210735-49AE-4002-A98E-C5A28A8C2A8A}.AppStore|x64.Build.0 = Release|Any CPU
		{5A210735-49AE-4002-A98E-C5A28A8C2A8A}.AppStore|x64.Deploy.0 = Release|Any CPU
		{5A210735-49AE-4002-A98E-C5A28A8C2A8A}.AppStore|x86.ActiveCfg = Release|x86
		{5A210735-49AE-4002-A98E-C5A28A8C2A8A}.AppStore|x86.Build.0 = Release|x86
		{5A210735-49AE-4002-A98E-C5A28A8C2A8A}.AppStore|x86.Deploy.0 = Release|x86
		{5A210735-49AE-4002-A98E-C5A28A8C2A8A}.Debug|Any CPU.ActiveCfg = Debug|Any CPU
		{5A210735-49AE-4002-A98E-C5A28A8C2A8A}.Debug|Any CPU.Build.0 = Debug|Any CPU
		{5A210735-49AE-4002-A98E-C5A28A8C2A8A}.Debug|Any CPU.Deploy.0 = Debug|Any CPU
		{5A210735-49AE-4002-A98E-C5A28A8C2A8A}.Debug|ARM.ActiveCfg = Debug|ARM
		{5A210735-49AE-4002-A98E-C5A28A8C2A8A}.Debug|ARM.Build.0 = Debug|ARM
		{5A210735-49AE-4002-A98E-C5A28A8C2A8A}.Debug|ARM.Deploy.0 = Debug|ARM
		{5A210735-49AE-4002-A98E-C5A28A8C2A8A}.Debug|iPhone.ActiveCfg = Debug|Any CPU
		{5A210735-49AE-4002-A98E-C5A28A8C2A8A}.Debug|iPhone.Build.0 = Debug|Any CPU
		{5A210735-49AE-4002-A98E-C5A28A8C2A8A}.Debug|iPhone.Deploy.0 = Debug|Any CPU
		{5A210735-49AE-4002-A98E-C5A28A8C2A8A}.Debug|iPhoneSimulator.ActiveCfg = Debug|Any CPU
		{5A210735-49AE-4002-A98E-C5A28A8C2A8A}.Debug|iPhoneSimulator.Build.0 = Debug|Any CPU
		{5A210735-49AE-4002-A98E-C5A28A8C2A8A}.Debug|iPhoneSimulator.Deploy.0 = Debug|Any CPU
		{5A210735-49AE-4002-A98E-C5A28A8C2A8A}.Debug|x64.ActiveCfg = Debug|Any CPU
		{5A210735-49AE-4002-A98E-C5A28A8C2A8A}.Debug|x64.Build.0 = Debug|Any CPU
		{5A210735-49AE-4002-A98E-C5A28A8C2A8A}.Debug|x64.Deploy.0 = Debug|Any CPU
		{5A210735-49AE-4002-A98E-C5A28A8C2A8A}.Debug|x86.ActiveCfg = Debug|x86
		{5A210735-49AE-4002-A98E-C5A28A8C2A8A}.Debug|x86.Build.0 = Debug|x86
		{5A210735-49AE-4002-A98E-C5A28A8C2A8A}.Debug|x86.Deploy.0 = Debug|x86
		{5A210735-49AE-4002-A98E-C5A28A8C2A8A}.Release|Any CPU.ActiveCfg = Release|Any CPU
		{5A210735-49AE-4002-A98E-C5A28A8C2A8A}.Release|Any CPU.Build.0 = Release|Any CPU
		{5A210735-49AE-4002-A98E-C5A28A8C2A8A}.Release|Any CPU.Deploy.0 = Release|Any CPU
		{5A210735-49AE-4002-A98E-C5A28A8C2A8A}.Release|ARM.ActiveCfg = Release|ARM
		{5A210735-49AE-4002-A98E-C5A28A8C2A8A}.Release|ARM.Build.0 = Release|ARM
		{5A210735-49AE-4002-A98E-C5A28A8C2A8A}.Release|ARM.Deploy.0 = Release|ARM
		{5A210735-49AE-4002-A98E-C5A28A8C2A8A}.Release|iPhone.ActiveCfg = Release|Any CPU
		{5A210735-49AE-4002-A98E-C5A28A8C2A8A}.Release|iPhone.Build.0 = Release|Any CPU
		{5A210735-49AE-4002-A98E-C5A28A8C2A8A}.Release|iPhone.Deploy.0 = Release|Any CPU
		{5A210735-49AE-4002-A98E-C5A28A8C2A8A}.Release|iPhoneSimulator.ActiveCfg = Release|Any CPU
		{5A210735-49AE-4002-A98E-C5A28A8C2A8A}.Release|iPhoneSimulator.Build.0 = Release|Any CPU
		{5A210735-49AE-4002-A98E-C5A28A8C2A8A}.Release|iPhoneSimulator.Deploy.0 = Release|Any CPU
		{5A210735-49AE-4002-A98E-C5A28A8C2A8A}.Release|x64.ActiveCfg = Release|Any CPU
		{5A210735-49AE-4002-A98E-C5A28A8C2A8A}.Release|x64.Build.0 = Release|Any CPU
		{5A210735-49AE-4002-A98E-C5A28A8C2A8A}.Release|x64.Deploy.0 = Release|Any CPU
		{5A210735-49AE-4002-A98E-C5A28A8C2A8A}.Release|x86.ActiveCfg = Release|x86
		{5A210735-49AE-4002-A98E-C5A28A8C2A8A}.Release|x86.Build.0 = Release|x86
		{5A210735-49AE-4002-A98E-C5A28A8C2A8A}.Release|x86.Deploy.0 = Release|x86
		{335740FD-4201-4AD9-9787-6F9648855659}.Ad-Hoc|Any CPU.ActiveCfg = Release|x86
		{335740FD-4201-4AD9-9787-6F9648855659}.Ad-Hoc|Any CPU.Build.0 = Release|x86
		{335740FD-4201-4AD9-9787-6F9648855659}.Ad-Hoc|Any CPU.Deploy.0 = Release|x86
		{335740FD-4201-4AD9-9787-6F9648855659}.Ad-Hoc|ARM.ActiveCfg = Release|ARM
		{335740FD-4201-4AD9-9787-6F9648855659}.Ad-Hoc|ARM.Build.0 = Release|ARM
		{335740FD-4201-4AD9-9787-6F9648855659}.Ad-Hoc|ARM.Deploy.0 = Release|ARM
		{335740FD-4201-4AD9-9787-6F9648855659}.Ad-Hoc|iPhone.ActiveCfg = Release|x86
		{335740FD-4201-4AD9-9787-6F9648855659}.Ad-Hoc|iPhone.Build.0 = Release|x86
		{335740FD-4201-4AD9-9787-6F9648855659}.Ad-Hoc|iPhone.Deploy.0 = Release|x86
		{335740FD-4201-4AD9-9787-6F9648855659}.Ad-Hoc|iPhoneSimulator.ActiveCfg = Release|x86
		{335740FD-4201-4AD9-9787-6F9648855659}.Ad-Hoc|iPhoneSimulator.Build.0 = Release|x86
		{335740FD-4201-4AD9-9787-6F9648855659}.Ad-Hoc|iPhoneSimulator.Deploy.0 = Release|x86
		{335740FD-4201-4AD9-9787-6F9648855659}.Ad-Hoc|x64.ActiveCfg = Release|x64
		{335740FD-4201-4AD9-9787-6F9648855659}.Ad-Hoc|x64.Build.0 = Release|x64
		{335740FD-4201-4AD9-9787-6F9648855659}.Ad-Hoc|x64.Deploy.0 = Release|x64
		{335740FD-4201-4AD9-9787-6F9648855659}.Ad-Hoc|x86.ActiveCfg = Release|x86
		{335740FD-4201-4AD9-9787-6F9648855659}.Ad-Hoc|x86.Build.0 = Release|x86
		{335740FD-4201-4AD9-9787-6F9648855659}.Ad-Hoc|x86.Deploy.0 = Release|x86
		{335740FD-4201-4AD9-9787-6F9648855659}.AppStore|Any CPU.ActiveCfg = Release|x86
		{335740FD-4201-4AD9-9787-6F9648855659}.AppStore|Any CPU.Build.0 = Release|x86
		{335740FD-4201-4AD9-9787-6F9648855659}.AppStore|Any CPU.Deploy.0 = Release|x86
		{335740FD-4201-4AD9-9787-6F9648855659}.AppStore|ARM.ActiveCfg = Release|ARM
		{335740FD-4201-4AD9-9787-6F9648855659}.AppStore|ARM.Build.0 = Release|ARM
		{335740FD-4201-4AD9-9787-6F9648855659}.AppStore|ARM.Deploy.0 = Release|ARM
		{335740FD-4201-4AD9-9787-6F9648855659}.AppStore|iPhone.ActiveCfg = Release|x86
		{335740FD-4201-4AD9-9787-6F9648855659}.AppStore|iPhone.Build.0 = Release|x86
		{335740FD-4201-4AD9-9787-6F9648855659}.AppStore|iPhone.Deploy.0 = Release|x86
		{335740FD-4201-4AD9-9787-6F9648855659}.AppStore|iPhoneSimulator.ActiveCfg = Release|x86
		{335740FD-4201-4AD9-9787-6F9648855659}.AppStore|iPhoneSimulator.Build.0 = Release|x86
		{335740FD-4201-4AD9-9787-6F9648855659}.AppStore|iPhoneSimulator.Deploy.0 = Release|x86
		{335740FD-4201-4AD9-9787-6F9648855659}.AppStore|x64.ActiveCfg = Release|x64
		{335740FD-4201-4AD9-9787-6F9648855659}.AppStore|x64.Build.0 = Release|x64
		{335740FD-4201-4AD9-9787-6F9648855659}.AppStore|x64.Deploy.0 = Release|x64
		{335740FD-4201-4AD9-9787-6F9648855659}.AppStore|x86.ActiveCfg = Release|x86
		{335740FD-4201-4AD9-9787-6F9648855659}.AppStore|x86.Build.0 = Release|x86
		{335740FD-4201-4AD9-9787-6F9648855659}.AppStore|x86.Deploy.0 = Release|x86
		{335740FD-4201-4AD9-9787-6F9648855659}.Debug|Any CPU.ActiveCfg = Debug|x86
		{335740FD-4201-4AD9-9787-6F9648855659}.Debug|Any CPU.Build.0 = Debug|x86
		{335740FD-4201-4AD9-9787-6F9648855659}.Debug|Any CPU.Deploy.0 = Debug|x86
		{335740FD-4201-4AD9-9787-6F9648855659}.Debug|ARM.ActiveCfg = Debug|ARM
		{335740FD-4201-4AD9-9787-6F9648855659}.Debug|ARM.Build.0 = Debug|ARM
		{335740FD-4201-4AD9-9787-6F9648855659}.Debug|ARM.Deploy.0 = Debug|ARM
		{335740FD-4201-4AD9-9787-6F9648855659}.Debug|iPhone.ActiveCfg = Debug|x86
		{335740FD-4201-4AD9-9787-6F9648855659}.Debug|iPhoneSimulator.ActiveCfg = Debug|x86
		{335740FD-4201-4AD9-9787-6F9648855659}.Debug|x64.ActiveCfg = Debug|x64
		{335740FD-4201-4AD9-9787-6F9648855659}.Debug|x64.Build.0 = Debug|x64
		{335740FD-4201-4AD9-9787-6F9648855659}.Debug|x64.Deploy.0 = Debug|x64
		{335740FD-4201-4AD9-9787-6F9648855659}.Debug|x86.ActiveCfg = Debug|x86
		{335740FD-4201-4AD9-9787-6F9648855659}.Debug|x86.Build.0 = Debug|x86
		{335740FD-4201-4AD9-9787-6F9648855659}.Debug|x86.Deploy.0 = Debug|x86
		{335740FD-4201-4AD9-9787-6F9648855659}.Release|Any CPU.ActiveCfg = Release|x86
		{335740FD-4201-4AD9-9787-6F9648855659}.Release|ARM.ActiveCfg = Release|ARM
		{335740FD-4201-4AD9-9787-6F9648855659}.Release|ARM.Build.0 = Release|ARM
		{335740FD-4201-4AD9-9787-6F9648855659}.Release|ARM.Deploy.0 = Release|ARM
		{335740FD-4201-4AD9-9787-6F9648855659}.Release|iPhone.ActiveCfg = Release|x86
		{335740FD-4201-4AD9-9787-6F9648855659}.Release|iPhoneSimulator.ActiveCfg = Release|x86
		{335740FD-4201-4AD9-9787-6F9648855659}.Release|x64.ActiveCfg = Release|x64
		{335740FD-4201-4AD9-9787-6F9648855659}.Release|x64.Build.0 = Release|x64
		{335740FD-4201-4AD9-9787-6F9648855659}.Release|x64.Deploy.0 = Release|x64
		{335740FD-4201-4AD9-9787-6F9648855659}.Release|x86.ActiveCfg = Release|x86
		{335740FD-4201-4AD9-9787-6F9648855659}.Release|x86.Build.0 = Release|x86
		{335740FD-4201-4AD9-9787-6F9648855659}.Release|x86.Deploy.0 = Release|x86
		{EB36850B-B1A1-429F-9CF4-7C389B7E8FD7}.Ad-Hoc|Any CPU.ActiveCfg = Release|Any CPU
		{EB36850B-B1A1-429F-9CF4-7C389B7E8FD7}.Ad-Hoc|Any CPU.Build.0 = Release|Any CPU
		{EB36850B-B1A1-429F-9CF4-7C389B7E8FD7}.Ad-Hoc|Any CPU.Deploy.0 = Release|Any CPU
		{EB36850B-B1A1-429F-9CF4-7C389B7E8FD7}.Ad-Hoc|ARM.ActiveCfg = Release|ARM
		{EB36850B-B1A1-429F-9CF4-7C389B7E8FD7}.Ad-Hoc|ARM.Build.0 = Release|ARM
		{EB36850B-B1A1-429F-9CF4-7C389B7E8FD7}.Ad-Hoc|ARM.Deploy.0 = Release|ARM
		{EB36850B-B1A1-429F-9CF4-7C389B7E8FD7}.Ad-Hoc|iPhone.ActiveCfg = Release|Any CPU
		{EB36850B-B1A1-429F-9CF4-7C389B7E8FD7}.Ad-Hoc|iPhone.Build.0 = Release|Any CPU
		{EB36850B-B1A1-429F-9CF4-7C389B7E8FD7}.Ad-Hoc|iPhone.Deploy.0 = Release|Any CPU
		{EB36850B-B1A1-429F-9CF4-7C389B7E8FD7}.Ad-Hoc|iPhoneSimulator.ActiveCfg = Release|Any CPU
		{EB36850B-B1A1-429F-9CF4-7C389B7E8FD7}.Ad-Hoc|iPhoneSimulator.Build.0 = Release|Any CPU
		{EB36850B-B1A1-429F-9CF4-7C389B7E8FD7}.Ad-Hoc|iPhoneSimulator.Deploy.0 = Release|Any CPU
		{EB36850B-B1A1-429F-9CF4-7C389B7E8FD7}.Ad-Hoc|x64.ActiveCfg = Release|x64
		{EB36850B-B1A1-429F-9CF4-7C389B7E8FD7}.Ad-Hoc|x64.Build.0 = Release|x64
		{EB36850B-B1A1-429F-9CF4-7C389B7E8FD7}.Ad-Hoc|x64.Deploy.0 = Release|x64
		{EB36850B-B1A1-429F-9CF4-7C389B7E8FD7}.Ad-Hoc|x86.ActiveCfg = Release|x86
		{EB36850B-B1A1-429F-9CF4-7C389B7E8FD7}.Ad-Hoc|x86.Build.0 = Release|x86
		{EB36850B-B1A1-429F-9CF4-7C389B7E8FD7}.Ad-Hoc|x86.Deploy.0 = Release|x86
		{EB36850B-B1A1-429F-9CF4-7C389B7E8FD7}.AppStore|Any CPU.ActiveCfg = Release|Any CPU
		{EB36850B-B1A1-429F-9CF4-7C389B7E8FD7}.AppStore|Any CPU.Build.0 = Release|Any CPU
		{EB36850B-B1A1-429F-9CF4-7C389B7E8FD7}.AppStore|Any CPU.Deploy.0 = Release|Any CPU
		{EB36850B-B1A1-429F-9CF4-7C389B7E8FD7}.AppStore|ARM.ActiveCfg = Release|ARM
		{EB36850B-B1A1-429F-9CF4-7C389B7E8FD7}.AppStore|ARM.Build.0 = Release|ARM
		{EB36850B-B1A1-429F-9CF4-7C389B7E8FD7}.AppStore|ARM.Deploy.0 = Release|ARM
		{EB36850B-B1A1-429F-9CF4-7C389B7E8FD7}.AppStore|iPhone.ActiveCfg = Release|Any CPU
		{EB36850B-B1A1-429F-9CF4-7C389B7E8FD7}.AppStore|iPhone.Build.0 = Release|Any CPU
		{EB36850B-B1A1-429F-9CF4-7C389B7E8FD7}.AppStore|iPhone.Deploy.0 = Release|Any CPU
		{EB36850B-B1A1-429F-9CF4-7C389B7E8FD7}.AppStore|iPhoneSimulator.ActiveCfg = Release|Any CPU
		{EB36850B-B1A1-429F-9CF4-7C389B7E8FD7}.AppStore|iPhoneSimulator.Build.0 = Release|Any CPU
		{EB36850B-B1A1-429F-9CF4-7C389B7E8FD7}.AppStore|iPhoneSimulator.Deploy.0 = Release|Any CPU
		{EB36850B-B1A1-429F-9CF4-7C389B7E8FD7}.AppStore|x64.ActiveCfg = Release|x64
		{EB36850B-B1A1-429F-9CF4-7C389B7E8FD7}.AppStore|x64.Build.0 = Release|x64
		{EB36850B-B1A1-429F-9CF4-7C389B7E8FD7}.AppStore|x64.Deploy.0 = Release|x64
		{EB36850B-B1A1-429F-9CF4-7C389B7E8FD7}.AppStore|x86.ActiveCfg = Release|x86
		{EB36850B-B1A1-429F-9CF4-7C389B7E8FD7}.AppStore|x86.Build.0 = Release|x86
		{EB36850B-B1A1-429F-9CF4-7C389B7E8FD7}.AppStore|x86.Deploy.0 = Release|x86
		{EB36850B-B1A1-429F-9CF4-7C389B7E8FD7}.Debug|Any CPU.ActiveCfg = Debug|Any CPU
		{EB36850B-B1A1-429F-9CF4-7C389B7E8FD7}.Debug|Any CPU.Build.0 = Debug|Any CPU
		{EB36850B-B1A1-429F-9CF4-7C389B7E8FD7}.Debug|Any CPU.Deploy.0 = Debug|Any CPU
		{EB36850B-B1A1-429F-9CF4-7C389B7E8FD7}.Debug|ARM.ActiveCfg = Debug|ARM
		{EB36850B-B1A1-429F-9CF4-7C389B7E8FD7}.Debug|ARM.Build.0 = Debug|ARM
		{EB36850B-B1A1-429F-9CF4-7C389B7E8FD7}.Debug|ARM.Deploy.0 = Debug|ARM
		{EB36850B-B1A1-429F-9CF4-7C389B7E8FD7}.Debug|iPhone.ActiveCfg = Debug|Any CPU
		{EB36850B-B1A1-429F-9CF4-7C389B7E8FD7}.Debug|iPhone.Build.0 = Debug|Any CPU
		{EB36850B-B1A1-429F-9CF4-7C389B7E8FD7}.Debug|iPhone.Deploy.0 = Debug|Any CPU
		{EB36850B-B1A1-429F-9CF4-7C389B7E8FD7}.Debug|iPhoneSimulator.ActiveCfg = Debug|Any CPU
		{EB36850B-B1A1-429F-9CF4-7C389B7E8FD7}.Debug|iPhoneSimulator.Build.0 = Debug|Any CPU
		{EB36850B-B1A1-429F-9CF4-7C389B7E8FD7}.Debug|iPhoneSimulator.Deploy.0 = Debug|Any CPU
		{EB36850B-B1A1-429F-9CF4-7C389B7E8FD7}.Debug|x64.ActiveCfg = Debug|x64
		{EB36850B-B1A1-429F-9CF4-7C389B7E8FD7}.Debug|x64.Build.0 = Debug|x64
		{EB36850B-B1A1-429F-9CF4-7C389B7E8FD7}.Debug|x64.Deploy.0 = Debug|x64
		{EB36850B-B1A1-429F-9CF4-7C389B7E8FD7}.Debug|x86.ActiveCfg = Debug|x86
		{EB36850B-B1A1-429F-9CF4-7C389B7E8FD7}.Debug|x86.Build.0 = Debug|x86
		{EB36850B-B1A1-429F-9CF4-7C389B7E8FD7}.Debug|x86.Deploy.0 = Debug|x86
		{EB36850B-B1A1-429F-9CF4-7C389B7E8FD7}.Release|Any CPU.ActiveCfg = Release|Any CPU
		{EB36850B-B1A1-429F-9CF4-7C389B7E8FD7}.Release|Any CPU.Build.0 = Release|Any CPU
		{EB36850B-B1A1-429F-9CF4-7C389B7E8FD7}.Release|Any CPU.Deploy.0 = Release|Any CPU
		{EB36850B-B1A1-429F-9CF4-7C389B7E8FD7}.Release|ARM.ActiveCfg = Release|ARM
		{EB36850B-B1A1-429F-9CF4-7C389B7E8FD7}.Release|ARM.Build.0 = Release|ARM
		{EB36850B-B1A1-429F-9CF4-7C389B7E8FD7}.Release|ARM.Deploy.0 = Release|ARM
		{EB36850B-B1A1-429F-9CF4-7C389B7E8FD7}.Release|iPhone.ActiveCfg = Release|Any CPU
		{EB36850B-B1A1-429F-9CF4-7C389B7E8FD7}.Release|iPhone.Build.0 = Release|Any CPU
		{EB36850B-B1A1-429F-9CF4-7C389B7E8FD7}.Release|iPhone.Deploy.0 = Release|Any CPU
		{EB36850B-B1A1-429F-9CF4-7C389B7E8FD7}.Release|iPhoneSimulator.ActiveCfg = Release|Any CPU
		{EB36850B-B1A1-429F-9CF4-7C389B7E8FD7}.Release|iPhoneSimulator.Build.0 = Release|Any CPU
		{EB36850B-B1A1-429F-9CF4-7C389B7E8FD7}.Release|iPhoneSimulator.Deploy.0 = Release|Any CPU
		{EB36850B-B1A1-429F-9CF4-7C389B7E8FD7}.Release|x64.ActiveCfg = Release|x64
		{EB36850B-B1A1-429F-9CF4-7C389B7E8FD7}.Release|x64.Build.0 = Release|x64
		{EB36850B-B1A1-429F-9CF4-7C389B7E8FD7}.Release|x64.Deploy.0 = Release|x64
		{EB36850B-B1A1-429F-9CF4-7C389B7E8FD7}.Release|x86.ActiveCfg = Release|x86
		{EB36850B-B1A1-429F-9CF4-7C389B7E8FD7}.Release|x86.Build.0 = Release|x86
		{EB36850B-B1A1-429F-9CF4-7C389B7E8FD7}.Release|x86.Deploy.0 = Release|x86
		{32C2F40B-50F0-40FE-B7CF-F9D9C03D53C4}.Ad-Hoc|Any CPU.ActiveCfg = Release|Any CPU
		{32C2F40B-50F0-40FE-B7CF-F9D9C03D53C4}.Ad-Hoc|Any CPU.Build.0 = Release|Any CPU
		{32C2F40B-50F0-40FE-B7CF-F9D9C03D53C4}.Ad-Hoc|ARM.ActiveCfg = Release|Any CPU
		{32C2F40B-50F0-40FE-B7CF-F9D9C03D53C4}.Ad-Hoc|ARM.Build.0 = Release|Any CPU
		{32C2F40B-50F0-40FE-B7CF-F9D9C03D53C4}.Ad-Hoc|iPhone.ActiveCfg = Release|Any CPU
		{32C2F40B-50F0-40FE-B7CF-F9D9C03D53C4}.Ad-Hoc|iPhone.Build.0 = Release|Any CPU
		{32C2F40B-50F0-40FE-B7CF-F9D9C03D53C4}.Ad-Hoc|iPhoneSimulator.ActiveCfg = Release|Any CPU
		{32C2F40B-50F0-40FE-B7CF-F9D9C03D53C4}.Ad-Hoc|iPhoneSimulator.Build.0 = Release|Any CPU
		{32C2F40B-50F0-40FE-B7CF-F9D9C03D53C4}.Ad-Hoc|x64.ActiveCfg = Release|Any CPU
		{32C2F40B-50F0-40FE-B7CF-F9D9C03D53C4}.Ad-Hoc|x64.Build.0 = Release|Any CPU
		{32C2F40B-50F0-40FE-B7CF-F9D9C03D53C4}.Ad-Hoc|x86.ActiveCfg = Release|Any CPU
		{32C2F40B-50F0-40FE-B7CF-F9D9C03D53C4}.Ad-Hoc|x86.Build.0 = Release|Any CPU
		{32C2F40B-50F0-40FE-B7CF-F9D9C03D53C4}.AppStore|Any CPU.ActiveCfg = Release|Any CPU
		{32C2F40B-50F0-40FE-B7CF-F9D9C03D53C4}.AppStore|Any CPU.Build.0 = Release|Any CPU
		{32C2F40B-50F0-40FE-B7CF-F9D9C03D53C4}.AppStore|ARM.ActiveCfg = Release|Any CPU
		{32C2F40B-50F0-40FE-B7CF-F9D9C03D53C4}.AppStore|ARM.Build.0 = Release|Any CPU
		{32C2F40B-50F0-40FE-B7CF-F9D9C03D53C4}.AppStore|iPhone.ActiveCfg = Release|Any CPU
		{32C2F40B-50F0-40FE-B7CF-F9D9C03D53C4}.AppStore|iPhone.Build.0 = Release|Any CPU
		{32C2F40B-50F0-40FE-B7CF-F9D9C03D53C4}.AppStore|iPhoneSimulator.ActiveCfg = Release|Any CPU
		{32C2F40B-50F0-40FE-B7CF-F9D9C03D53C4}.AppStore|iPhoneSimulator.Build.0 = Release|Any CPU
		{32C2F40B-50F0-40FE-B7CF-F9D9C03D53C4}.AppStore|x64.ActiveCfg = Release|Any CPU
		{32C2F40B-50F0-40FE-B7CF-F9D9C03D53C4}.AppStore|x64.Build.0 = Release|Any CPU
		{32C2F40B-50F0-40FE-B7CF-F9D9C03D53C4}.AppStore|x86.ActiveCfg = Release|Any CPU
		{32C2F40B-50F0-40FE-B7CF-F9D9C03D53C4}.AppStore|x86.Build.0 = Release|Any CPU
		{32C2F40B-50F0-40FE-B7CF-F9D9C03D53C4}.Debug|Any CPU.ActiveCfg = Debug|Any CPU
		{32C2F40B-50F0-40FE-B7CF-F9D9C03D53C4}.Debug|Any CPU.Build.0 = Debug|Any CPU
		{32C2F40B-50F0-40FE-B7CF-F9D9C03D53C4}.Debug|ARM.ActiveCfg = Debug|Any CPU
		{32C2F40B-50F0-40FE-B7CF-F9D9C03D53C4}.Debug|ARM.Build.0 = Debug|Any CPU
		{32C2F40B-50F0-40FE-B7CF-F9D9C03D53C4}.Debug|iPhone.ActiveCfg = Debug|Any CPU
		{32C2F40B-50F0-40FE-B7CF-F9D9C03D53C4}.Debug|iPhone.Build.0 = Debug|Any CPU
		{32C2F40B-50F0-40FE-B7CF-F9D9C03D53C4}.Debug|iPhoneSimulator.ActiveCfg = Debug|Any CPU
		{32C2F40B-50F0-40FE-B7CF-F9D9C03D53C4}.Debug|iPhoneSimulator.Build.0 = Debug|Any CPU
		{32C2F40B-50F0-40FE-B7CF-F9D9C03D53C4}.Debug|x64.ActiveCfg = Debug|Any CPU
		{32C2F40B-50F0-40FE-B7CF-F9D9C03D53C4}.Debug|x64.Build.0 = Debug|Any CPU
		{32C2F40B-50F0-40FE-B7CF-F9D9C03D53C4}.Debug|x86.ActiveCfg = Debug|Any CPU
		{32C2F40B-50F0-40FE-B7CF-F9D9C03D53C4}.Debug|x86.Build.0 = Debug|Any CPU
		{32C2F40B-50F0-40FE-B7CF-F9D9C03D53C4}.Release|Any CPU.ActiveCfg = Release|Any CPU
		{32C2F40B-50F0-40FE-B7CF-F9D9C03D53C4}.Release|Any CPU.Build.0 = Release|Any CPU
		{32C2F40B-50F0-40FE-B7CF-F9D9C03D53C4}.Release|ARM.ActiveCfg = Release|Any CPU
		{32C2F40B-50F0-40FE-B7CF-F9D9C03D53C4}.Release|ARM.Build.0 = Release|Any CPU
		{32C2F40B-50F0-40FE-B7CF-F9D9C03D53C4}.Release|iPhone.ActiveCfg = Release|Any CPU
		{32C2F40B-50F0-40FE-B7CF-F9D9C03D53C4}.Release|iPhone.Build.0 = Release|Any CPU
		{32C2F40B-50F0-40FE-B7CF-F9D9C03D53C4}.Release|iPhoneSimulator.ActiveCfg = Release|Any CPU
		{32C2F40B-50F0-40FE-B7CF-F9D9C03D53C4}.Release|iPhoneSimulator.Build.0 = Release|Any CPU
		{32C2F40B-50F0-40FE-B7CF-F9D9C03D53C4}.Release|x64.ActiveCfg = Release|Any CPU
		{32C2F40B-50F0-40FE-B7CF-F9D9C03D53C4}.Release|x64.Build.0 = Release|Any CPU
		{32C2F40B-50F0-40FE-B7CF-F9D9C03D53C4}.Release|x86.ActiveCfg = Release|Any CPU
		{32C2F40B-50F0-40FE-B7CF-F9D9C03D53C4}.Release|x86.Build.0 = Release|Any CPU
	EndGlobalSection
	GlobalSection(SolutionProperties) = preSolution
		HideSolutionNode = FALSE
	EndGlobalSection
EndGlobal
